
Microsoft Visual Studio Solution File, Format Version 12.00
# Visual Studio Version 16
VisualStudioVersion = 16.0.31605.320
MinimumVisualStudioVersion = 10.0.40219.1
Project("{FAE04EC0-301F-11D3-BF4B-00C04F79EFBC}") = "WPF Vowels and Consonants", "WPF Vowels and Consonants\WPF Vowels and Consonants.csproj", "{C6F31FC0-15B5-4A93-8503-07C7AC6C05DE}"
EndProject
Global
	GlobalSection(SolutionConfigurationPlatforms) = preSolution
		Debug|Any CPU = Debug|Any CPU
		Release|Any CPU = Release|Any CPU
	EndGlobalSection
	GlobalSection(ProjectConfigurationPlatforms) = postSolution
		{C6F31FC0-15B5-4A93-8503-07C7AC6C05DE}.Debug|Any CPU.ActiveCfg = Debug|Any CPU
		{C6F31FC0-15B5-4A93-8503-07C7AC6C05DE}.Debug|Any CPU.Build.0 = Debug|Any CPU
		{C6F31FC0-15B5-4A93-8503-07C7AC6C05DE}.Release|Any CPU.ActiveCfg = Release|Any CPU
		{C6F31FC0-15B5-4A93-8503-07C7AC6C05DE}.Release|Any CPU.Build.0 = Release|Any CPU
	EndGlobalSection
	GlobalSection(SolutionProperties) = preSolution
		HideSolutionNode = FALSE
	EndGlobalSection
	GlobalSection(ExtensibilityGlobals) = postSolution
		SolutionGuid = {C20BDF69-B174-47F8-8B6C-FD71C80873E5}
	EndGlobalSection
EndGlobal
